# This file is automatically @generated by Cargo.
# It is not intended for manual editing.
version = 3

[[package]]
name = "error-iter"
version = "0.4.1"
source = "registry+https://github.com/rust-lang/crates.io-index"
checksum = "8070547d90d1b98debb6626421d742c897942bbb78f047694a5eb769495eccd6"

[[package]]
name = "myn"
version = "0.1.0"
source = "registry+https://github.com/rust-lang/crates.io-index"
checksum = "f950af707b8005ae33bb0f0b20cb32b09750e7375085606dc45b2f2078a34e52"

[[package]]
name = "onlyerror"
version = "0.1.1"
dependencies = [
 "error-iter",
 "myn",
]
